
Microsoft Visual Studio Solution File, Format Version 12.00
# Visual Studio Version 17
VisualStudioVersion = 17.6.33815.320
MinimumVisualStudioVersion = 10.0.40219.1
Project("{9A19103F-16F7-4668-BE54-9A1E7A4F7556}") = "ECommerce.Domain", "ECommerce\ECommerce.Domain.csproj", "{B50E62F5-E7B7-402B-9177-3AF9F94792E1}"
EndProject
Project("{2150E333-8FDC-42A3-9474-1A3956D46DE8}") = "Common", "Common", "{0607ADBC-AE13-42C4-9ACC-5C0006AF134F}"
EndProject
Project("{9A19103F-16F7-4668-BE54-9A1E7A4F7556}") = "Common.Core", "Common.Core\Common.Core.csproj", "{58D3D689-F763-4BED-95D3-3B3B6F8DBA01}"
EndProject
Project("{2150E333-8FDC-42A3-9474-1A3956D46DE8}") = "Core", "Core", "{AAA01239-966D-4DD2-9C18-1C051613F0E5}"
EndProject
Project("{9A19103F-16F7-4668-BE54-9A1E7A4F7556}") = "Common.Resource", "Common.Resource\Common.Resource.csproj", "{0DCF3A1A-AEDD-4C84-A7AA-EAED29A2E117}"
EndProject
Project("{9A19103F-16F7-4668-BE54-9A1E7A4F7556}") = "Common.Helper", "Common.Helper\Common.Helper.csproj", "{25AB6633-E73D-4483-94C2-024D2F61763E}"
EndProject
Project("{9A19103F-16F7-4668-BE54-9A1E7A4F7556}") = "ECommerce.Persistence", "ECommerce.Persistence\ECommerce.Persistence.csproj", "{CD83C627-E776-46A6-AA28-288948F65BC6}"
EndProject
Project("{2150E333-8FDC-42A3-9474-1A3956D46DE8}") = "Presentation", "Presentation", "{94FCE8D6-BF9E-485C-9C40-713A85DFAD98}"
EndProject
Project("{9A19103F-16F7-4668-BE54-9A1E7A4F7556}") = "ECommerce.Infrastructure", "ECommerce.Infrastructure\ECommerce.Infrastructure.csproj", "{FA612E26-2CB0-4884-8541-0AB8362CBC6A}"
EndProject
Project("{9A19103F-16F7-4668-BE54-9A1E7A4F7556}") = "ECommerce.Application", "ECommerce.Application\ECommerce.Application.csproj", "{7E5980FB-5832-41DD-BDFC-FCCFFB509D50}"
EndProject
Project("{9A19103F-16F7-4668-BE54-9A1E7A4F7556}") = "ECommerce.Presentation", "ECommerce.Presentation\ECommerce.Presentation.csproj", "{33DF23FF-B065-4507-BAC0-14698BA45A1B}"
EndProject
Project("{9A19103F-16F7-4668-BE54-9A1E7A4F7556}") = "ECommerce.Validation", "ECommerce.Validation\ECommerce.Validation.csproj", "{D6CA86A0-882C-49C1-8752-7D3648EA7C32}"
EndProject
Project("{FAE04EC0-301F-11D3-BF4B-00C04F79EFBC}") = "ECommerce.Api", "ECommerce.Api\ECommerce.Api.csproj", "{8C13E922-AB24-4011-B9EC-E1C567D7DF2B}"
EndProject
Global
	GlobalSection(SolutionConfigurationPlatforms) = preSolution
		Debug|Any CPU = Debug|Any CPU
		Release|Any CPU = Release|Any CPU
	EndGlobalSection
	GlobalSection(ProjectConfigurationPlatforms) = postSolution
		{B50E62F5-E7B7-402B-9177-3AF9F94792E1}.Debug|Any CPU.ActiveCfg = Debug|Any CPU
		{B50E62F5-E7B7-402B-9177-3AF9F94792E1}.Debug|Any CPU.Build.0 = Debug|Any CPU
		{B50E62F5-E7B7-402B-9177-3AF9F94792E1}.Release|Any CPU.ActiveCfg = Release|Any CPU
		{B50E62F5-E7B7-402B-9177-3AF9F94792E1}.Release|Any CPU.Build.0 = Release|Any CPU
		{58D3D689-F763-4BED-95D3-3B3B6F8DBA01}.Debug|Any CPU.ActiveCfg = Debug|Any CPU
		{58D3D689-F763-4BED-95D3-3B3B6F8DBA01}.Debug|Any CPU.Build.0 = Debug|Any CPU
		{58D3D689-F763-4BED-95D3-3B3B6F8DBA01}.Release|Any CPU.ActiveCfg = Release|Any CPU
		{58D3D689-F763-4BED-95D3-3B3B6F8DBA01}.Release|Any CPU.Build.0 = Release|Any CPU
		{0DCF3A1A-AEDD-4C84-A7AA-EAED29A2E117}.Debug|Any CPU.ActiveCfg = Debug|Any CPU
		{0DCF3A1A-AEDD-4C84-A7AA-EAED29A2E117}.Debug|Any CPU.Build.0 = Debug|Any CPU
		{0DCF3A1A-AEDD-4C84-A7AA-EAED29A2E117}.Release|Any CPU.ActiveCfg = Release|Any CPU
		{0DCF3A1A-AEDD-4C84-A7AA-EAED29A2E117}.Release|Any CPU.Build.0 = Release|Any CPU
		{25AB6633-E73D-4483-94C2-024D2F61763E}.Debug|Any CPU.ActiveCfg = Debug|Any CPU
		{25AB6633-E73D-4483-94C2-024D2F61763E}.Debug|Any CPU.Build.0 = Debug|Any CPU
		{25AB6633-E73D-4483-94C2-024D2F61763E}.Release|Any CPU.ActiveCfg = Release|Any CPU
		{25AB6633-E73D-4483-94C2-024D2F61763E}.Release|Any CPU.Build.0 = Release|Any CPU
		{CD83C627-E776-46A6-AA28-288948F65BC6}.Debug|Any CPU.ActiveCfg = Debug|Any CPU
		{CD83C627-E776-46A6-AA28-288948F65BC6}.Debug|Any CPU.Build.0 = Debug|Any CPU
		{CD83C627-E776-46A6-AA28-288948F65BC6}.Release|Any CPU.ActiveCfg = Release|Any CPU
		{CD83C627-E776-46A6-AA28-288948F65BC6}.Release|Any CPU.Build.0 = Release|Any CPU
		{FA612E26-2CB0-4884-8541-0AB8362CBC6A}.Debug|Any CPU.ActiveCfg = Debug|Any CPU
		{FA612E26-2CB0-4884-8541-0AB8362CBC6A}.Debug|Any CPU.Build.0 = Debug|Any CPU
		{FA612E26-2CB0-4884-8541-0AB8362CBC6A}.Release|Any CPU.ActiveCfg = Release|Any CPU
		{FA612E26-2CB0-4884-8541-0AB8362CBC6A}.Release|Any CPU.Build.0 = Release|Any CPU
		{7E5980FB-5832-41DD-BDFC-FCCFFB509D50}.Debug|Any CPU.ActiveCfg = Debug|Any CPU
		{7E5980FB-5832-41DD-BDFC-FCCFFB509D50}.Debug|Any CPU.Build.0 = Debug|Any CPU
		{7E5980FB-5832-41DD-BDFC-FCCFFB509D50}.Release|Any CPU.ActiveCfg = Release|Any CPU
		{7E5980FB-5832-41DD-BDFC-FCCFFB509D50}.Release|Any CPU.Build.0 = Release|Any CPU
		{33DF23FF-B065-4507-BAC0-14698BA45A1B}.Debug|Any CPU.ActiveCfg = Debug|Any CPU
		{33DF23FF-B065-4507-BAC0-14698BA45A1B}.Debug|Any CPU.Build.0 = Debug|Any CPU
		{33DF23FF-B065-4507-BAC0-14698BA45A1B}.Release|Any CPU.ActiveCfg = Release|Any CPU
		{33DF23FF-B065-4507-BAC0-14698BA45A1B}.Release|Any CPU.Build.0 = Release|Any CPU
		{D6CA86A0-882C-49C1-8752-7D3648EA7C32}.Debug|Any CPU.ActiveCfg = Debug|Any CPU
		{D6CA86A0-882C-49C1-8752-7D3648EA7C32}.Debug|Any CPU.Build.0 = Debug|Any CPU
		{D6CA86A0-882C-49C1-8752-7D3648EA7C32}.Release|Any CPU.ActiveCfg = Release|Any CPU
		{D6CA86A0-882C-49C1-8752-7D3648EA7C32}.Release|Any CPU.Build.0 = Release|Any CPU
		{8C13E922-AB24-4011-B9EC-E1C567D7DF2B}.Debug|Any CPU.ActiveCfg = Debug|Any CPU
		{8C13E922-AB24-4011-B9EC-E1C567D7DF2B}.Debug|Any CPU.Build.0 = Debug|Any CPU
		{8C13E922-AB24-4011-B9EC-E1C567D7DF2B}.Release|Any CPU.ActiveCfg = Release|Any CPU
		{8C13E922-AB24-4011-B9EC-E1C567D7DF2B}.Release|Any CPU.Build.0 = Release|Any CPU
	EndGlobalSection
	GlobalSection(SolutionProperties) = preSolution
		HideSolutionNode = FALSE
	EndGlobalSection
	GlobalSection(NestedProjects) = preSolution
		{B50E62F5-E7B7-402B-9177-3AF9F94792E1} = {AAA01239-966D-4DD2-9C18-1C051613F0E5}
		{58D3D689-F763-4BED-95D3-3B3B6F8DBA01} = {0607ADBC-AE13-42C4-9ACC-5C0006AF134F}
		{0DCF3A1A-AEDD-4C84-A7AA-EAED29A2E117} = {0607ADBC-AE13-42C4-9ACC-5C0006AF134F}
		{25AB6633-E73D-4483-94C2-024D2F61763E} = {0607ADBC-AE13-42C4-9ACC-5C0006AF134F}
		{CD83C627-E776-46A6-AA28-288948F65BC6} = {AAA01239-966D-4DD2-9C18-1C051613F0E5}
		{FA612E26-2CB0-4884-8541-0AB8362CBC6A} = {AAA01239-966D-4DD2-9C18-1C051613F0E5}
		{7E5980FB-5832-41DD-BDFC-FCCFFB509D50} = {AAA01239-966D-4DD2-9C18-1C051613F0E5}
		{33DF23FF-B065-4507-BAC0-14698BA45A1B} = {94FCE8D6-BF9E-485C-9C40-713A85DFAD98}
		{D6CA86A0-882C-49C1-8752-7D3648EA7C32} = {AAA01239-966D-4DD2-9C18-1C051613F0E5}
		{8C13E922-AB24-4011-B9EC-E1C567D7DF2B} = {94FCE8D6-BF9E-485C-9C40-713A85DFAD98}
	EndGlobalSection
	GlobalSection(ExtensibilityGlobals) = postSolution
		SolutionGuid = {0277FF66-0DA9-4337-9D0F-8B729ED8279C}
	EndGlobalSection
EndGlobal
